
Microsoft Visual Studio Solution File, Format Version 12.00
# Visual Studio Version 16
VisualStudioVersion = 16.0.29905.134
MinimumVisualStudioVersion = 10.0.40219.1
Project("{9A19103F-16F7-4668-BE54-9A1E7A4F7556}") = "Node", "Node.csproj", "{94742B7F-A452-48BD-958B-858733FFDC7E}"
EndProject
Project("{9A19103F-16F7-4668-BE54-9A1E7A4F7556}") = "NodeTests", "..\Node Tests\NodeTests.csproj", "{76C6C964-7A71-47FD-8856-65FCAC7524B1}"
EndProject
Global
	GlobalSection(SolutionConfigurationPlatforms) = preSolution
		Debug|Any CPU = Debug|Any CPU
		Release|Any CPU = Release|Any CPU
	EndGlobalSection
	GlobalSection(ProjectConfigurationPlatforms) = postSolution
		{94742B7F-A452-48BD-958B-858733FFDC7E}.Debug|Any CPU.ActiveCfg = Debug|Any CPU
		{94742B7F-A452-48BD-958B-858733FFDC7E}.Debug|Any CPU.Build.0 = Debug|Any CPU
		{94742B7F-A452-48BD-958B-858733FFDC7E}.Release|Any CPU.ActiveCfg = Release|Any CPU
		{94742B7F-A452-48BD-958B-858733FFDC7E}.Release|Any CPU.Build.0 = Release|Any CPU
		{76C6C964-7A71-47FD-8856-65FCAC7524B1}.Debug|Any CPU.ActiveCfg = Debug|Any CPU
		{76C6C964-7A71-47FD-8856-65FCAC7524B1}.Debug|Any CPU.Build.0 = Debug|Any CPU
		{76C6C964-7A71-47FD-8856-65FCAC7524B1}.Release|Any CPU.ActiveCfg = Release|Any CPU
		{76C6C964-7A71-47FD-8856-65FCAC7524B1}.Release|Any CPU.Build.0 = Release|Any CPU
	EndGlobalSection
	GlobalSection(SolutionProperties) = preSolution
		HideSolutionNode = FALSE
	EndGlobalSection
	GlobalSection(ExtensibilityGlobals) = postSolution
		SolutionGuid = {BAF51288-1E70-468C-99FC-443481CCC0AF}
	EndGlobalSection
EndGlobal
